# THIS IS AN AUTOGENERATED FILE. DO NOT EDIT THIS FILE DIRECTLY.
# yarn lockfile v1


accepts@^1.2.2:
  version "1.3.5"
  resolved "https://registry.yarnpkg.com/accepts/-/accepts-1.3.5.tgz#eb777df6011723a3b14e8a72c0805c8e86746bd2"
  dependencies:
    mime-types "~2.1.18"
    negotiator "0.6.1"

acorn-jsx@^3.0.0:
  version "3.0.1"
  resolved "https://registry.yarnpkg.com/acorn-jsx/-/acorn-jsx-3.0.1.tgz#afdf9488fb1ecefc8348f6fb22f464e32a58b36b"
  dependencies:
    acorn "^3.0.4"

acorn@^3.0.4, acorn@^3.3.0:
  version "3.3.0"
  resolved "https://registry.yarnpkg.com/acorn/-/acorn-3.3.0.tgz#45e37fb39e8da3f25baee3ff5369e2bb5f22017a"

amdefine@>=0.0.4:
  version "1.0.1"
  resolved "https://registry.yarnpkg.com/amdefine/-/amdefine-1.0.1.tgz#4a5282ac164729e93619bcfd3ad151f817ce91f5"

ansi-escape-sequences@^2.2.1, ansi-escape-sequences@^2.2.2:
  version "2.2.2"
  resolved "https://registry.yarnpkg.com/ansi-escape-sequences/-/ansi-escape-sequences-2.2.2.tgz#174c78d6f8b7de75f8957ae81c7f72210c701635"
  dependencies:
    array-back "^1.0.2"
    collect-all "~0.2.1"

ansi-escape-sequences@^3.0.0:
  version "3.0.0"
  resolved "https://registry.yarnpkg.com/ansi-escape-sequences/-/ansi-escape-sequences-3.0.0.tgz#1c18394b6af9b76ff9a63509fa497669fd2ce53e"
  dependencies:
    array-back "^1.0.3"

any-promise@^1.1.0:
  version "1.3.0"
  resolved "https://registry.yarnpkg.com/any-promise/-/any-promise-1.3.0.tgz#abc6afeedcea52e809cdc0376aed3ce39635d17f"

app-usage-stats@^0.4.0:
  version "0.4.1"
  resolved "https://registry.yarnpkg.com/app-usage-stats/-/app-usage-stats-0.4.1.tgz#97eb9b89b5678fa2ddc9793b1298628cc218429f"
  dependencies:
    array-back "^1.0.4"
    core-js "^2.4.1"
    feature-detect-es6 "^1.3.1"
    home-path "^1.0.3"
    test-value "^2.1.0"
    usage-stats "^0.8.2"

array-back@^1.0.2, array-back@^1.0.3, array-back@^1.0.4:
  version "1.0.4"
  resolved "https://registry.yarnpkg.com/array-back/-/array-back-1.0.4.tgz#644ba7f095f7ffcf7c43b5f0dc39d3c1f03c063b"
  dependencies:
    typical "^2.6.0"

array-tools@^1.0.6, array-tools@^1.1.0, array-tools@^1.1.4, array-tools@^1.8.4:
  version "1.8.6"
  resolved "https://registry.yarnpkg.com/array-tools/-/array-tools-1.8.6.tgz#145771f7f9c94e98cc5ea4196a99b8323aee18ae"
  dependencies:
    object-tools "^1.6.1"
    typical "^2.1"

array-tools@^2:
  version "2.0.9"
  resolved "https://registry.yarnpkg.com/array-tools/-/array-tools-2.0.9.tgz#5a511de7a41be0eec9ffdcd4912d0af9f0caca35"
  dependencies:
    ansi-escape-sequences "^2.2.2"
    array-back "^1.0.2"
    collect-json "^1.0.7"
    filter-where "^1.0.1"
    object-get "^2.0.0"
    reduce-extract "^1.0.0"
    reduce-flatten "^1.0.0"
    reduce-unique "^1.0.0"
    reduce-without "^1.0.0"
    sort-array "^1.0.0"
    test-value "^1.0.1"

asap@~2.0.3:
  version "2.0.6"
  resolved "https://registry.yarnpkg.com/asap/-/asap-2.0.6.tgz#e50347611d7e690943208bbdafebcbc2fb866d46"

async@^1.5.2:
  version "1.5.2"
  resolved "https://registry.yarnpkg.com/async/-/async-1.5.2.tgz#ec6a61ae56480c0c3cb241c95618e20892f9672a"

async@~0.2.6:
  version "0.2.10"
  resolved "https://registry.yarnpkg.com/async/-/async-0.2.10.tgz#b6bbe0b0674b9d719708ca38de8c237cb526c3d1"

babel-polyfill@^6.13.0:
  version "6.26.0"
  resolved "https://registry.yarnpkg.com/babel-polyfill/-/babel-polyfill-6.26.0.tgz#379937abc67d7895970adc621f284cd966cf2153"
  dependencies:
    babel-runtime "^6.26.0"
    core-js "^2.5.0"
    regenerator-runtime "^0.10.5"

babel-runtime@^6.26.0:
  version "6.26.0"
  resolved "https://registry.yarnpkg.com/babel-runtime/-/babel-runtime-6.26.0.tgz#965c7058668e82b55d7bfe04ff2337bc8b5647fe"
  dependencies:
    core-js "^2.4.0"
    regenerator-runtime "^0.11.0"

balanced-match@^1.0.0:
  version "1.0.0"
  resolved "https://registry.yarnpkg.com/balanced-match/-/balanced-match-1.0.0.tgz#89b4d199ab2bee49de164ea02b89ce462d71b767"

bluebird@~3.4.6:
  version "3.4.7"
  resolved "https://registry.yarnpkg.com/bluebird/-/bluebird-3.4.7.tgz#f72d760be09b7f76d08ed8fae98b289a8d05fab3"

brace-expansion@^1.0.0, brace-expansion@^1.1.7:
  version "1.1.11"
  resolved "https://registry.yarnpkg.com/brace-expansion/-/brace-expansion-1.1.11.tgz#3c7fcbf529d87226f3d2f52b966ff5271eb441dd"
  dependencies:
    balanced-match "^1.0.0"
    concat-map "0.0.1"

cache-point@~0.3.3:
  version "0.3.4"
  resolved "https://registry.yarnpkg.com/cache-point/-/cache-point-0.3.4.tgz#152db502c6bb23b5aa3f663e230d5de8ec4e4f3f"
  dependencies:
    array-back "^1.0.3"
    core-js "^2.4.1"
    feature-detect-es6 "^1.3.1"
    fs-then-native "^1.0.2"
    mkdirp "~0.5.1"

catharsis@~0.8.8:
  version "0.8.9"
  resolved "https://registry.yarnpkg.com/catharsis/-/catharsis-0.8.9.tgz#98cc890ca652dd2ef0e70b37925310ff9e90fc8b"
  dependencies:
    underscore-contrib "~0.3.0"

cli-commands@0.1.0:
  version "0.1.0"
  resolved "https://registry.yarnpkg.com/cli-commands/-/cli-commands-0.1.0.tgz#c57cacc406bbcf9ee21646607161ed432ef5a05a"
  dependencies:
    ansi-escape-sequences "^3.0.0"
    command-line-args "^3.0.1"
    command-line-commands "^1.0.4"
    command-line-usage "^3.0.5"

co@^4.6.0:
  version "4.6.0"
  resolved "https://registry.yarnpkg.com/co/-/co-4.6.0.tgz#6ea6bdf3d853ae54ccb8e47bfa0bf3f9031fb184"

collect-all@^1.0.2:
  version "1.0.3"
  resolved "https://registry.yarnpkg.com/collect-all/-/collect-all-1.0.3.tgz#1abcc20448b58a1447487fcf34130e9512b0acf8"
  dependencies:
    stream-connect "^1.0.2"
    stream-via "^1.0.4"

collect-all@~0.2.1:
  version "0.2.1"
  resolved "https://registry.yarnpkg.com/collect-all/-/collect-all-0.2.1.tgz#7225fb4585c22d4ffac886f0abaf5abc563a1a6a"
  dependencies:
    stream-connect "^1.0.1"
    stream-via "~0.1.0"
    typical "^2.3.0"

collect-json@^1.0.1, collect-json@^1.0.7, collect-json@^1.0.8:
  version "1.0.8"
  resolved "https://registry.yarnpkg.com/collect-json/-/collect-json-1.0.8.tgz#aa2fa52b4d1d9444ce690f07a1e3617ab74bb827"
  dependencies:
    collect-all "^1.0.2"
    stream-connect "^1.0.2"
    stream-via "^1.0.3"

column-layout@^2.1.1:
  version "2.1.4"
  resolved "https://registry.yarnpkg.com/column-layout/-/column-layout-2.1.4.tgz#ed2857092ccf8338026fe538379d9672d70b3641"
  dependencies:
    ansi-escape-sequences "^2.2.2"
    array-back "^1.0.3"
    collect-json "^1.0.8"
    command-line-args "^2.1.6"
    core-js "^2.4.0"
    deep-extend "~0.4.1"
    feature-detect-es6 "^1.2.0"
    object-tools "^2.0.6"
    typical "^2.4.2"
    wordwrapjs "^1.2.0"

combined-stream@^1.0.5:
  version "1.0.6"
  resolved "https://registry.yarnpkg.com/combined-stream/-/combined-stream-1.0.6.tgz#723e7df6e801ac5613113a7e445a9b69cb632818"
  dependencies:
    delayed-stream "~1.0.0"

command-line-args@^2.1.4, command-line-args@^2.1.6:
  version "2.1.6"
  resolved "https://registry.yarnpkg.com/command-line-args/-/command-line-args-2.1.6.tgz#f197d6eaff34c9085577484b2864375b294f5697"
  dependencies:
    array-back "^1.0.2"
    command-line-usage "^2"
    core-js "^2.0.1"
    feature-detect-es6 "^1.2.0"
    find-replace "^1"
    typical "^2.3.0"

command-line-args@^3.0.0, command-line-args@^3.0.1:
  version "3.0.5"
  resolved "https://registry.yarnpkg.com/command-line-args/-/command-line-args-3.0.5.tgz#5bd4ad45e7983e5c1344918e40280ee2693c5ac0"
  dependencies:
    array-back "^1.0.4"
    feature-detect-es6 "^1.3.1"
    find-replace "^1.0.2"
    typical "^2.6.0"

command-line-commands@^1.0.4:
  version "1.0.4"
  resolved "https://registry.yarnpkg.com/command-line-commands/-/command-line-commands-1.0.4.tgz#034f9b167b5188afbdcf6b2efbb150fc8442c32b"
  dependencies:
    array-back "^1.0.3"
    feature-detect-es6 "^1.3.1"

command-line-tool@^0.1.0:
  version "0.1.0"
  resolved "https://registry.yarnpkg.com/command-line-tool/-/command-line-tool-0.1.0.tgz#91a11ba48ac63a4a687554367980f7c6423c149d"
  dependencies:
    ansi-escape-sequences "^2.2.1"
    array-back "^1.0.2"

command-line-tool@~0.5.0:
  version "0.5.2"
  resolved "https://registry.yarnpkg.com/command-line-tool/-/command-line-tool-0.5.2.tgz#f87d6977f56bbdd2d5dfcf946345dd2cd9c6a53a"
  dependencies:
    ansi-escape-sequences "^2.2.2"
    array-back "^1.0.3"
    command-line-args "^3.0.0"
    command-line-usage "^3.0.3"
    feature-detect-es6 "^1.3.0"
    typical "^2.4.2"

command-line-usage@^2:
  version "2.0.5"
  resolved "https://registry.yarnpkg.com/command-line-usage/-/command-line-usage-2.0.5.tgz#f80c35ca5e8624841923ea3be3b9bfbf4f7be27b"
  dependencies:
    ansi-escape-sequences "^2.2.2"
    array-back "^1.0.3"
    column-layout "^2.1.1"
    feature-detect-es6 "^1.2.0"
    typical "^2.4.2"
    wordwrapjs "^1.2.0"

command-line-usage@^3.0.3, command-line-usage@^3.0.5:
  version "3.0.8"
  resolved "https://registry.yarnpkg.com/command-line-usage/-/command-line-usage-3.0.8.tgz#b6a20978c1b383477f5c11a529428b880bfe0f4d"
  dependencies:
    ansi-escape-sequences "^3.0.0"
    array-back "^1.0.3"
    feature-detect-es6 "^1.3.1"
    table-layout "^0.3.0"
    typical "^2.6.0"

commander@0.6.1:
  version "0.6.1"
  resolved "https://registry.yarnpkg.com/commander/-/commander-0.6.1.tgz#fa68a14f6a945d54dbbe50d8cdb3320e9e3b1a06"

commander@2.3.0:
  version "2.3.0"
  resolved "https://registry.yarnpkg.com/commander/-/commander-2.3.0.tgz#fd430e889832ec353b9acd1de217c11cb3eef873"

common-sequence@^1.0.2:
  version "1.0.2"
  resolved "https://registry.yarnpkg.com/common-sequence/-/common-sequence-1.0.2.tgz#30e07f3f8f6f7f9b3dee854f20b2d39eee086de8"

component-emitter@^1.2.0:
  version "1.2.1"
  resolved "https://registry.yarnpkg.com/component-emitter/-/component-emitter-1.2.1.tgz#137918d6d78283f7df7a6b7c5a63e140e69425e6"

concat-map@0.0.1:
  version "0.0.1"
  resolved "https://registry.yarnpkg.com/concat-map/-/concat-map-0.0.1.tgz#d8a96bd77fd68df7793a73036a3ba0d5405d477b"

config-master@^2.0.4:
  version "2.0.4"
  resolved "https://registry.yarnpkg.com/config-master/-/config-master-2.0.4.tgz#e749505c5d3f946f2fad3c76dfe71fca689751dc"
  dependencies:
    babel-polyfill "^6.13.0"
    feature-detect-es6 "^1.3.1"
    walk-back "^2.0.1"

content-disposition@~0.5.0:
  version "0.5.2"
  resolved "https://registry.yarnpkg.com/content-disposition/-/content-disposition-0.5.2.tgz#0cf68bb9ddf5f2be7961c3a85178cb85dba78cb4"

content-type@^1.0.0:
  version "1.0.4"
  resolved "https://registry.yarnpkg.com/content-type/-/content-type-1.0.4.tgz#e138cc75e040c727b1966fe5e5f8c9aee256fe3b"

cookiejar@^2.0.6:
  version "2.1.1"
  resolved "https://registry.yarnpkg.com/cookiejar/-/cookiejar-2.1.1.tgz#41ad57b1b555951ec171412a81942b1e8200d34a"

cookies@~0.7.0:
  version "0.7.1"
  resolved "https://registry.yarnpkg.com/cookies/-/cookies-0.7.1.tgz#7c8a615f5481c61ab9f16c833731bcb8f663b99b"
  dependencies:
    depd "~1.1.1"
    keygrip "~1.0.2"

core-js@^2.0.1, core-js@^2.4.0, core-js@^2.4.1, core-js@^2.5.0:
  version "2.5.3"
  resolved "https://registry.yarnpkg.com/core-js/-/core-js-2.5.3.tgz#8acc38345824f16d8365b7c9b4259168e8ed603e"

core-util-is@~1.0.0:
  version "1.0.2"
  resolved "https://registry.yarnpkg.com/core-util-is/-/core-util-is-1.0.2.tgz#b5fd54220aa2bc5ab57aab7140c940754503c1a7"

ddata@~0.1.25:
  version "0.1.28"
  resolved "https://registry.yarnpkg.com/ddata/-/ddata-0.1.28.tgz#53138fafa3f01749ea2451d12b6b6dd9df1d5b1f"
  dependencies:
    array-back "^1.0.3"
    core-js "^2.4.1"
    handlebars "^3.0.3"
    marked "~0.3.6"
    object-get "^2.1.0"
    reduce-flatten "^1.0.1"
    string-tools "^1.0.0"
    test-value "^2.0.0"

debug@*, debug@^3.1.0:
  version "3.1.0"
  resolved "https://registry.yarnpkg.com/debug/-/debug-3.1.0.tgz#5bb5a0672628b64149566ba16819e61518c67261"
  dependencies:
    ms "2.0.0"

debug@2.2.0:
  version "2.2.0"
  resolved "https://registry.yarnpkg.com/debug/-/debug-2.2.0.tgz#f87057e995b1a1f6ae6a4960664137bc56f039da"
  dependencies:
    ms "0.7.1"

debug@^2.2.0:
  version "2.6.9"
  resolved "https://registry.yarnpkg.com/debug/-/debug-2.6.9.tgz#5d128515df134ff327e90a4c93f4e077a536341f"
  dependencies:
    ms "2.0.0"

deep-equal@~1.0.1:
  version "1.0.1"
  resolved "https://registry.yarnpkg.com/deep-equal/-/deep-equal-1.0.1.tgz#f5d260292b660e084eff4cdbc9f08ad3247448b5"

deep-extend@~0.4.1:
  version "0.4.2"
  resolved "https://registry.yarnpkg.com/deep-extend/-/deep-extend-0.4.2.tgz#48b699c27e334bf89f10892be432f6e4c7d34a7f"

defer-promise@^1.0.0:
  version "1.0.1"
  resolved "https://registry.yarnpkg.com/defer-promise/-/defer-promise-1.0.1.tgz#1ca6ffeddbcef1715dd7aae25c7616f9ae22932f"

delayed-stream@~1.0.0:
  version "1.0.0"
  resolved "https://registry.yarnpkg.com/delayed-stream/-/delayed-stream-1.0.0.tgz#df3ae199acadfb7d440aaae0b29e2272b24ec619"

delegates@^1.0.0:
  version "1.0.0"
  resolved "https://registry.yarnpkg.com/delegates/-/delegates-1.0.0.tgz#84c6e159b81904fdca59a0ef44cd870d31250f9a"

depd@1.1.1:
  version "1.1.1"
  resolved "https://registry.yarnpkg.com/depd/-/depd-1.1.1.tgz#5783b4e1c459f06fa5ca27f991f3d06e7a310359"

depd@^1.1.0, depd@~1.1.1:
  version "1.1.2"
  resolved "https://registry.yarnpkg.com/depd/-/depd-1.1.2.tgz#9bcd52e14c097763e749b274c4346ed2e560b5a9"

destroy@^1.0.3:
  version "1.0.4"
  resolved "https://registry.yarnpkg.com/destroy/-/destroy-1.0.4.tgz#978857442c44749e4206613e37946205826abd80"

diff@1.4.0:
  version "1.4.0"
  resolved "https://registry.yarnpkg.com/diff/-/diff-1.4.0.tgz#7f28d2eb9ee7b15a97efd89ce63dcfdaa3ccbabf"

dmd@^1.4.1:
  version "1.4.2"
  resolved "https://registry.yarnpkg.com/dmd/-/dmd-1.4.2.tgz#b1304b98a5700a6bfe5dcf91be657c981700a4bc"
  dependencies:
    array-back "^1.0.3"
    command-line-tool "~0.5.0"
    common-sequence "^1.0.2"
    ddata "~0.1.25"
    file-set "^1.0.0"
    handlebars-array "^0.2.0"
    handlebars-comparison "^2.0.0"
    handlebars-json "^1.0.0"
    handlebars-regexp "^1.0.0"
    handlebars-string "^2.0.1"
    object-tools "^2.0.6"
    reduce-unique "^1.0.0"
    reduce-without "^1.0.1"
    stream-handlebars "~0.1.6"
    string-tools "^1.0.0"
    walk-back "^2.0.1"

ee-first@1.1.1:
  version "1.1.1"
  resolved "https://registry.yarnpkg.com/ee-first/-/ee-first-1.1.1.tgz#590c61156b0ae2f4f0255732a158b266bc56b21d"

error-inject@~1.0.0:
  version "1.0.0"
  resolved "https://registry.yarnpkg.com/error-inject/-/error-inject-1.0.0.tgz#e2b3d91b54aed672f309d950d154850fa11d4f37"

escape-html@~1.0.1:
  version "1.0.3"
  resolved "https://registry.yarnpkg.com/escape-html/-/escape-html-1.0.3.tgz#0258eae4d3d0c0974de1c169188ef0051d1d1988"

escape-string-regexp@1.0.2:
  version "1.0.2"
  resolved "https://registry.yarnpkg.com/escape-string-regexp/-/escape-string-regexp-1.0.2.tgz#4dbc2fe674e71949caf3fb2695ce7f2dc1d9a8d1"

escape-string-regexp@~1.0.5:
  version "1.0.5"
  resolved "https://registry.yarnpkg.com/escape-string-regexp/-/escape-string-regexp-1.0.5.tgz#1b61c0562190a8dff6ae3bb2cf0200ca130b86d4"

espree@~3.1.7:
  version "3.1.7"
  resolved "https://registry.yarnpkg.com/espree/-/espree-3.1.7.tgz#fd5deec76a97a5120a9cd3a7cb1177a0923b11d2"
  dependencies:
    acorn "^3.3.0"
    acorn-jsx "^3.0.0"

expect.js@^0.3.1:
  version "0.3.1"
  resolved "https://registry.yarnpkg.com/expect.js/-/expect.js-0.3.1.tgz#b0a59a0d2eff5437544ebf0ceaa6015841d09b5b"

extend@^3.0.0:
  version "3.0.1"
  resolved "https://registry.yarnpkg.com/extend/-/extend-3.0.1.tgz#a755ea7bc1adfcc5a31ce7e762dbaadc5e636444"

feature-detect-es6@^1.2.0, feature-detect-es6@^1.3.0, feature-detect-es6@^1.3.1:
  version "1.4.0"
  resolved "https://registry.yarnpkg.com/feature-detect-es6/-/feature-detect-es6-1.4.0.tgz#82697c2f25f1c45fa1d885c4d74c5be308da6527"
  dependencies:
    array-back "^1.0.3"

file-set@^1.0.0, file-set@^1.0.1:
  version "1.1.1"
  resolved "https://registry.yarnpkg.com/file-set/-/file-set-1.1.1.tgz#d3ec70c080ec8f18f204ba1de106780c9056926b"
  dependencies:
    array-back "^1.0.3"
    glob "^7.1.0"

file-set@~0.2.1:
  version "0.2.8"
  resolved "https://registry.yarnpkg.com/file-set/-/file-set-0.2.8.tgz#73a6571e9cbe51ac5926c88bd567d111f836f178"
  dependencies:
    array-tools "^2"
    glob "^4"

filter-where@^1.0.1:
  version "1.0.1"
  resolved "https://registry.yarnpkg.com/filter-where/-/filter-where-1.0.1.tgz#1b042569edce36bc1c4e9f73740d2c4e2feef77d"
  dependencies:
    test-value "^1.0.1"

find-replace@^1, find-replace@^1.0.2:
  version "1.0.3"
  resolved "https://registry.yarnpkg.com/find-replace/-/find-replace-1.0.3.tgz#b88e7364d2d9c959559f388c66670d6130441fa0"
  dependencies:
    array-back "^1.0.4"
    test-value "^2.1.0"

form-data@1.0.0-rc4:
  version "1.0.0-rc4"
  resolved "https://registry.yarnpkg.com/form-data/-/form-data-1.0.0-rc4.tgz#05ac6bc22227b43e4461f488161554699d4f8b5e"
  dependencies:
    async "^1.5.2"
    combined-stream "^1.0.5"
    mime-types "^2.1.10"

formidable@^1.0.17:
  version "1.2.1"
  resolved "https://registry.yarnpkg.com/formidable/-/formidable-1.2.1.tgz#70fb7ca0290ee6ff961090415f4b3df3d2082659"

fresh@^0.5.0:
  version "0.5.2"
  resolved "https://registry.yarnpkg.com/fresh/-/fresh-0.5.2.tgz#3d8cadd90d976569fa835ab1f8e4b23a105605a7"

fs-then-native@^1.0.2:
  version "1.0.2"
  resolved "https://registry.yarnpkg.com/fs-then-native/-/fs-then-native-1.0.2.tgz#ac8d3807c9f1bbd1279607fb228e0ab649bb41fe"
  dependencies:
    feature-detect-es6 "^1.3.1"

fs.realpath@^1.0.0:
  version "1.0.0"
  resolved "https://registry.yarnpkg.com/fs.realpath/-/fs.realpath-1.0.0.tgz#1504ad2523158caa40db4a2787cb01411994ea4f"

glob@3.2.11:
  version "3.2.11"
  resolved "https://registry.yarnpkg.com/glob/-/glob-3.2.11.tgz#4a973f635b9190f715d10987d5c00fd2815ebe3d"
  dependencies:
    inherits "2"
    minimatch "0.3"

glob@^4:
  version "4.5.3"
  resolved "https://registry.yarnpkg.com/glob/-/glob-4.5.3.tgz#c6cb73d3226c1efef04de3c56d012f03377ee15f"
  dependencies:
    inflight "^1.0.4"
    inherits "2"
    minimatch "^2.0.1"
    once "^1.3.0"

glob@^7.1.0:
  version "7.1.2"
  resolved "https://registry.yarnpkg.com/glob/-/glob-7.1.2.tgz#c19c9df9a028702d678612384a6552404c636d15"
  dependencies:
    fs.realpath "^1.0.0"
    inflight "^1.0.4"
    inherits "2"
    minimatch "^3.0.4"
    once "^1.3.0"
    path-is-absolute "^1.0.0"

graceful-fs@^4.1.9:
  version "4.1.11"
  resolved "https://registry.yarnpkg.com/graceful-fs/-/graceful-fs-4.1.11.tgz#0e8bdfe4d1ddb8854d64e04ea7c00e2a026e5658"

growl@1.9.2:
  version "1.9.2"
  resolved "https://registry.yarnpkg.com/growl/-/growl-1.9.2.tgz#0ea7743715db8d8de2c5ede1775e1b45ac85c02f"

handlebars-array@^0.2.0:
  version "0.2.1"
  resolved "https://registry.yarnpkg.com/handlebars-array/-/handlebars-array-0.2.1.tgz#dd58395a5261d661988e8d77520ebbfaadc6bd24"
  dependencies:
    array-tools "^1.1.4"

handlebars-comparison@^2.0.0:
  version "2.0.1"
  resolved "https://registry.yarnpkg.com/handlebars-comparison/-/handlebars-comparison-2.0.1.tgz#b17b95d2c298578e4aead38f5fac46e8f6005855"
  dependencies:
    array-tools "^1.1.0"

handlebars-json@^1.0.0:
  version "1.0.1"
  resolved "https://registry.yarnpkg.com/handlebars-json/-/handlebars-json-1.0.1.tgz#2ef87bb782551cd645bb4691b824e9653ec02504"

handlebars-regexp@^1.0.0:
  version "1.0.1"
  resolved "https://registry.yarnpkg.com/handlebars-regexp/-/handlebars-regexp-1.0.1.tgz#5f47f067260e9ba8e52f1a280917f70de39f11e4"

handlebars-string@^2.0.1:
  version "2.0.2"
  resolved "https://registry.yarnpkg.com/handlebars-string/-/handlebars-string-2.0.2.tgz#b9f92208a979cfcf51ff4a90defa183dc62942ca"
  dependencies:
    array-tools "^1.0.6"
    string-tools "^0.1.4"

handlebars@^3.0.0, handlebars@^3.0.3:
  version "3.0.3"
  resolved "https://registry.yarnpkg.com/handlebars/-/handlebars-3.0.3.tgz#0e09651a2f0fb3c949160583710d551f92e6d2ad"
  dependencies:
    optimist "^0.6.1"
    source-map "^0.1.40"
  optionalDependencies:
    uglify-js "~2.3"

home-path@^1.0.3, home-path@^1.0.5:
  version "1.0.5"
  resolved "https://registry.yarnpkg.com/home-path/-/home-path-1.0.5.tgz#788b29815b12d53bacf575648476e6f9041d133f"

http-assert@^1.1.0:
  version "1.3.0"
  resolved "https://registry.yarnpkg.com/http-assert/-/http-assert-1.3.0.tgz#a31a5cf88c873ecbb5796907d4d6f132e8c01e4a"
  dependencies:
    deep-equal "~1.0.1"
    http-errors "~1.6.1"

http-errors@^1.2.8, http-errors@^1.3.1, http-errors@~1.6.1:
  version "1.6.2"
  resolved "https://registry.yarnpkg.com/http-errors/-/http-errors-1.6.2.tgz#0a002cc85707192a7e7946ceedc11155f60ec736"
  dependencies:
    depd "1.1.1"
    inherits "2.0.3"
    setprototypeof "1.0.3"
    statuses ">= 1.3.1 < 2"

inflight@^1.0.4:
  version "1.0.6"
  resolved "https://registry.yarnpkg.com/inflight/-/inflight-1.0.6.tgz#49bd6331d7d02d0c09bc910a1075ba8165b56df9"
  dependencies:
    once "^1.3.0"
    wrappy "1"

inherits@2, inherits@2.0.3, inherits@~2.0.3:
  version "2.0.3"
  resolved "https://registry.yarnpkg.com/inherits/-/inherits-2.0.3.tgz#633c2c83e3da42a502f52466022480f4208261de"

is-generator-function@^1.0.3:
  version "1.0.7"
  resolved "https://registry.yarnpkg.com/is-generator-function/-/is-generator-function-1.0.7.tgz#d2132e529bb0000a7f80794d4bdf5cd5e5813522"

isarray@~1.0.0:
  version "1.0.0"
  resolved "https://registry.yarnpkg.com/isarray/-/isarray-1.0.0.tgz#bb935d48582cba168c06834957a54a3e07124f11"

jade@0.26.3:
  version "0.26.3"
  resolved "https://registry.yarnpkg.com/jade/-/jade-0.26.3.tgz#8f10d7977d8d79f2f6ff862a81b0513ccb25686c"
  dependencies:
    commander "0.6.1"
    mkdirp "0.3.0"

js2xmlparser@~1.0.0:
  version "1.0.0"
  resolved "https://registry.yarnpkg.com/js2xmlparser/-/js2xmlparser-1.0.0.tgz#5a170f2e8d6476ce45405e04823242513782fe30"

jsdoc-75lb@^3.5.6:
  version "3.6.0"
  resolved "https://registry.yarnpkg.com/jsdoc-75lb/-/jsdoc-75lb-3.6.0.tgz#a807119528b4009ccbcab49b7522f63fec6cd0bd"
  dependencies:
    bluebird "~3.4.6"
    catharsis "~0.8.8"
    escape-string-regexp "~1.0.5"
    espree "~3.1.7"
    js2xmlparser "~1.0.0"
    klaw "~1.3.0"
    marked "~0.3.6"
    mkdirp "~0.5.1"
    requizzle "~0.2.1"
    strip-json-comments "~2.0.1"
    taffydb "2.6.2"
    underscore "~1.8.3"

jsdoc-api@^1.0.0:
  version "1.2.4"
  resolved "https://registry.yarnpkg.com/jsdoc-api/-/jsdoc-api-1.2.4.tgz#5012235927bfad1e27bc88d07b0ddddb2d3a8a59"
  dependencies:
    array-back "^1.0.3"
    cache-point "~0.3.3"
    collect-all "^1.0.2"
    core-js "^2.4.1"
    feature-detect-es6 "^1.3.1"
    file-set "^1.0.1"
    jsdoc-75lb "^3.5.6"
    object-to-spawn-args "^1.1.0"
    promise.prototype.finally "^1.0.1"
    temp-path "^1.0.0"
    then-fs "^2.0.0"
    walk-back "^2.0.1"

jsdoc-parse@^1.2.7:
  version "1.2.7"
  resolved "https://registry.yarnpkg.com/jsdoc-parse/-/jsdoc-parse-1.2.7.tgz#54b7481b3cd6bcb7c173dc4fa69ee92735ea2525"
  dependencies:
    ansi-escape-sequences "^2.2.1"
    array-tools "^2"
    collect-json "^1.0.1"
    command-line-args "^2.1.4"
    command-line-tool "^0.1.0"
    core-js "^2.0.1"
    feature-detect-es6 "^1.2.0"
    file-set "~0.2.1"
    jsdoc-api "^1.0.0"
    object-tools "^2"
    stream-connect "^1.0.1"
    test-value "^1.0.1"

jsdoc-to-markdown@^1.1.1:
  version "1.3.9"
  resolved "https://registry.yarnpkg.com/jsdoc-to-markdown/-/jsdoc-to-markdown-1.3.9.tgz#774c0ece0ebd0bcc3261b2c9a2aa8d1399a61472"
  dependencies:
    ansi-escape-sequences "^3.0.0"
    command-line-args "^3.0.1"
    command-line-usage "^3.0.5"
    config-master "^2.0.4"
    dmd "^1.4.1"
    jsdoc-parse "^1.2.7"
    jsdoc2md-stats "^1.0.3"
    object-tools "^2.0.6"
    stream-connect "^1.0.2"

jsdoc2md-stats@^1.0.3:
  version "1.0.6"
  resolved "https://registry.yarnpkg.com/jsdoc2md-stats/-/jsdoc2md-stats-1.0.6.tgz#dc0e002aebbd0fbae5123534f92732afbc651fbf"
  dependencies:
    app-usage-stats "^0.4.0"
    feature-detect-es6 "^1.3.1"

keygrip@~1.0.2:
  version "1.0.2"
  resolved "https://registry.yarnpkg.com/keygrip/-/keygrip-1.0.2.tgz#ad3297c557069dea8bcfe7a4fa491b75c5ddeb91"

klaw@~1.3.0:
  version "1.3.1"
  resolved "https://registry.yarnpkg.com/klaw/-/klaw-1.3.1.tgz#4088433b46b3b1ba259d78785d8e96f73ba02439"
  optionalDependencies:
    graceful-fs "^4.1.9"

koa-compose@^3.0.0:
  version "3.2.1"
  resolved "https://registry.yarnpkg.com/koa-compose/-/koa-compose-3.2.1.tgz#a85ccb40b7d986d8e5a345b3a1ace8eabcf54de7"
  dependencies:
    any-promise "^1.1.0"

koa-convert@^1.2.0:
  version "1.2.0"
  resolved "https://registry.yarnpkg.com/koa-convert/-/koa-convert-1.2.0.tgz#da40875df49de0539098d1700b50820cebcd21d0"
  dependencies:
    co "^4.6.0"
    koa-compose "^3.0.0"

koa-is-json@^1.0.0:
  version "1.0.0"
  resolved "https://registry.yarnpkg.com/koa-is-json/-/koa-is-json-1.0.0.tgz#273c07edcdcb8df6a2c1ab7d59ee76491451ec14"

koa@2.2.0:
  version "2.2.0"
  resolved "https://registry.yarnpkg.com/koa/-/koa-2.2.0.tgz#b055933187849d540ad8b9f731baaa4be97c652d"
  dependencies:
    accepts "^1.2.2"
    content-disposition "~0.5.0"
    content-type "^1.0.0"
    cookies "~0.7.0"
    debug "*"
    delegates "^1.0.0"
    depd "^1.1.0"
    destroy "^1.0.3"
    error-inject "~1.0.0"
    escape-html "~1.0.1"
    fresh "^0.5.0"
    http-assert "^1.1.0"
    http-errors "^1.2.8"
    is-generator-function "^1.0.3"
    koa-compose "^3.0.0"
    koa-convert "^1.2.0"
    koa-is-json "^1.0.0"
    mime-types "^2.0.7"
    on-finished "^2.1.0"
    only "0.0.2"
    parseurl "^1.3.0"
    statuses "^1.2.0"
    type-is "^1.5.5"
    vary "^1.0.0"

lodash.pick@^4.4.0:
  version "4.4.0"
  resolved "https://registry.yarnpkg.com/lodash.pick/-/lodash.pick-4.4.0.tgz#52f05610fff9ded422611441ed1fc123a03001b3"

lru-cache@2:
  version "2.7.3"
  resolved "https://registry.yarnpkg.com/lru-cache/-/lru-cache-2.7.3.tgz#6d4524e8b955f95d4f5b58851ce21dd72fb4e952"

marked@~0.3.6:
  version "0.3.18"
  resolved "https://registry.yarnpkg.com/marked/-/marked-0.3.18.tgz#3ef058cd926101849b92a7a7c15db18c7fc76b2f"

media-typer@0.3.0:
  version "0.3.0"
  resolved "https://registry.yarnpkg.com/media-typer/-/media-typer-0.3.0.tgz#8710d7af0aa626f8fffa1ce00168545263255748"

methods@1.x, methods@^1.0.1, methods@^1.1.1:
  version "1.1.2"
  resolved "https://registry.yarnpkg.com/methods/-/methods-1.1.2.tgz#5529a4d67654134edcc5266656835b0f851afcee"

mime-db@~1.33.0:
  version "1.33.0"
  resolved "https://registry.yarnpkg.com/mime-db/-/mime-db-1.33.0.tgz#a3492050a5cb9b63450541e39d9788d2272783db"

mime-types@^2.0.7, mime-types@^2.1.10, mime-types@~2.1.18:
  version "2.1.18"
  resolved "https://registry.yarnpkg.com/mime-types/-/mime-types-2.1.18.tgz#6f323f60a83d11146f831ff11fd66e2fe5503bb8"
  dependencies:
    mime-db "~1.33.0"

mime@^1.3.4:
  version "1.6.0"
  resolved "https://registry.yarnpkg.com/mime/-/mime-1.6.0.tgz#32cd9e5c64553bd58d19a568af452acff04981b1"

minimatch@0.3:
  version "0.3.0"
  resolved "https://registry.yarnpkg.com/minimatch/-/minimatch-0.3.0.tgz#275d8edaac4f1bb3326472089e7949c8394699dd"
  dependencies:
    lru-cache "2"
    sigmund "~1.0.0"

minimatch@^2.0.1:
  version "2.0.10"
  resolved "https://registry.yarnpkg.com/minimatch/-/minimatch-2.0.10.tgz#8d087c39c6b38c001b97fca7ce6d0e1e80afbac7"
  dependencies:
    brace-expansion "^1.0.0"

minimatch@^3.0.4:
  version "3.0.4"
  resolved "https://registry.yarnpkg.com/minimatch/-/minimatch-3.0.4.tgz#5166e286457f03306064be5497e8dbb0c3d32083"
  dependencies:
    brace-expansion "^1.1.7"

minimist@0.0.8:
  version "0.0.8"
  resolved "https://registry.yarnpkg.com/minimist/-/minimist-0.0.8.tgz#857fcabfc3397d2625b8228262e86aa7a011b05d"

minimist@~0.0.1:
  version "0.0.10"
  resolved "https://registry.yarnpkg.com/minimist/-/minimist-0.0.10.tgz#de3f98543dbf96082be48ad1a0c7cda836301dcf"

mkdirp2@^1.0.3:
  version "1.0.3"
  resolved "https://registry.yarnpkg.com/mkdirp2/-/mkdirp2-1.0.3.tgz#cc8dd8265f1f06e2d8f5b10b6e52f4e050bed21b"

mkdirp@0.3.0:
  version "0.3.0"
  resolved "https://registry.yarnpkg.com/mkdirp/-/mkdirp-0.3.0.tgz#1bbf5ab1ba827af23575143490426455f481fe1e"

mkdirp@0.5.1, mkdirp@~0.5.1:
  version "0.5.1"
  resolved "https://registry.yarnpkg.com/mkdirp/-/mkdirp-0.5.1.tgz#30057438eac6cf7f8c4767f38648d6697d75c903"
  dependencies:
    minimist "0.0.8"

mocha@^2.0.1:
  version "2.5.3"
  resolved "https://registry.yarnpkg.com/mocha/-/mocha-2.5.3.tgz#161be5bdeb496771eb9b35745050b622b5aefc58"
  dependencies:
    commander "2.3.0"
    debug "2.2.0"
    diff "1.4.0"
    escape-string-regexp "1.0.2"
    glob "3.2.11"
    growl "1.9.2"
    jade "0.26.3"
    mkdirp "0.5.1"
    supports-color "1.2.0"
    to-iso-string "0.0.2"

ms@0.7.1:
  version "0.7.1"
  resolved "https://registry.yarnpkg.com/ms/-/ms-0.7.1.tgz#9cd13c03adbff25b65effde7ce864ee952017098"

ms@2.0.0:
  version "2.0.0"
  resolved "https://registry.yarnpkg.com/ms/-/ms-2.0.0.tgz#5608aeadfc00be6c2901df5f9861788de0d597c8"

negotiator@0.6.1:
  version "0.6.1"
  resolved "https://registry.yarnpkg.com/negotiator/-/negotiator-0.6.1.tgz#2b327184e8992101177b28563fb5e7102acd0ca9"

object-get@^2.0.0, object-get@^2.0.2, object-get@^2.1.0:
  version "2.1.0"
  resolved "https://registry.yarnpkg.com/object-get/-/object-get-2.1.0.tgz#722bbdb60039efa47cad3c6dc2ce51a85c02c5ae"

object-to-spawn-args@^1.1.0:
  version "1.1.1"
  resolved "https://registry.yarnpkg.com/object-to-spawn-args/-/object-to-spawn-args-1.1.1.tgz#77da8827f073d011c9e1b173f895781470246785"

object-tools@^1.2.1, object-tools@^1.6.1:
  version "1.6.7"
  resolved "https://registry.yarnpkg.com/object-tools/-/object-tools-1.6.7.tgz#52d400fc875250993dbbb3ba298d7c79bb0698d0"
  dependencies:
    array-tools "^1.8.4"
    typical "^2.2"

object-tools@^2, object-tools@^2.0.6:
  version "2.0.6"
  resolved "https://registry.yarnpkg.com/object-tools/-/object-tools-2.0.6.tgz#f3fe1c350cda4a6f5d99d9646dc4892a02476ddd"
  dependencies:
    array-back "^1.0.2"
    collect-json "^1.0.7"
    object-get "^2.0.2"
    test-value "^1.1.0"
    typical "^2.4.2"

on-finished@^2.1.0:
  version "2.3.0"
  resolved "https://registry.yarnpkg.com/on-finished/-/on-finished-2.3.0.tgz#20f1336481b083cd75337992a16971aa2d906947"
  dependencies:
    ee-first "1.1.1"

once@^1.3.0:
  version "1.4.0"
  resolved "https://registry.yarnpkg.com/once/-/once-1.4.0.tgz#583b1aa775961d4b113ac17d9c50baef9dd76bd1"
  dependencies:
    wrappy "1"

only@0.0.2:
  version "0.0.2"
  resolved "https://registry.yarnpkg.com/only/-/only-0.0.2.tgz#2afde84d03e50b9a8edc444e30610a70295edfb4"

optimist@^0.6.1:
  version "0.6.1"
  resolved "https://registry.yarnpkg.com/optimist/-/optimist-0.6.1.tgz#da3ea74686fa21a19a111c326e90eb15a0196686"
  dependencies:
    minimist "~0.0.1"
    wordwrap "~0.0.2"

optimist@~0.3.5:
  version "0.3.7"
  resolved "https://registry.yarnpkg.com/optimist/-/optimist-0.3.7.tgz#c90941ad59e4273328923074d2cf2e7cbc6ec0d9"
  dependencies:
    wordwrap "~0.0.2"

parseurl@^1.3.0:
  version "1.3.2"
  resolved "https://registry.yarnpkg.com/parseurl/-/parseurl-1.3.2.tgz#fc289d4ed8993119460c156253262cdc8de65bf3"

path-is-absolute@^1.0.0:
  version "1.0.1"
  resolved "https://registry.yarnpkg.com/path-is-absolute/-/path-is-absolute-1.0.1.tgz#174b9268735534ffbc7ace6bf53a5a9e1b5c5f5f"

path-to-regexp@0.1.7:
  version "0.1.7"
  resolved "https://registry.yarnpkg.com/path-to-regexp/-/path-to-regexp-0.1.7.tgz#df604178005f522f15eb4490e7247a1bfaa67f8c"

process-nextick-args@~2.0.0:
  version "2.0.0"
  resolved "https://registry.yarnpkg.com/process-nextick-args/-/process-nextick-args-2.0.0.tgz#a37d732f4271b4ab1ad070d35508e8290788ffaa"

promise.prototype.finally@^1.0.1:
  version "1.0.1"
  resolved "https://registry.yarnpkg.com/promise.prototype.finally/-/promise.prototype.finally-1.0.1.tgz#91182f91c92486995740fa05e0da942ac986befa"

"promise@>=3.2 <8":
  version "7.3.1"
  resolved "https://registry.yarnpkg.com/promise/-/promise-7.3.1.tgz#064b72602b18f90f29192b8b1bc418ffd1ebd3bf"
  dependencies:
    asap "~2.0.3"

qs@^6.1.0:
  version "6.5.1"
  resolved "https://registry.yarnpkg.com/qs/-/qs-6.5.1.tgz#349cdf6eef89ec45c12d7d5eb3fc0c870343a6d8"

readable-stream@^2.0.5:
  version "2.3.5"
  resolved "https://registry.yarnpkg.com/readable-stream/-/readable-stream-2.3.5.tgz#b4f85003a938cbb6ecbce2a124fb1012bd1a838d"
  dependencies:
    core-util-is "~1.0.0"
    inherits "~2.0.3"
    isarray "~1.0.0"
    process-nextick-args "~2.0.0"
    safe-buffer "~5.1.1"
    string_decoder "~1.0.3"
    util-deprecate "~1.0.1"

reduce-extract@^1.0.0:
  version "1.0.0"
  resolved "https://registry.yarnpkg.com/reduce-extract/-/reduce-extract-1.0.0.tgz#67f2385beda65061b5f5f4312662e8b080ca1525"
  dependencies:
    test-value "^1.0.1"

reduce-flatten@^1.0.0, reduce-flatten@^1.0.1:
  version "1.0.1"
  resolved "https://registry.yarnpkg.com/reduce-flatten/-/reduce-flatten-1.0.1.tgz#258c78efd153ddf93cb561237f61184f3696e327"

reduce-unique@^1.0.0:
  version "1.0.0"
  resolved "https://registry.yarnpkg.com/reduce-unique/-/reduce-unique-1.0.0.tgz#7e586bcf87a4e32b6d7abd8277fad6cdec9f4803"

reduce-without@^1.0.0, reduce-without@^1.0.1:
  version "1.0.1"
  resolved "https://registry.yarnpkg.com/reduce-without/-/reduce-without-1.0.1.tgz#68ad0ead11855c9a37d4e8256c15bbf87972fc8c"
  dependencies:
    test-value "^2.0.0"

regenerator-runtime@^0.10.5:
  version "0.10.5"
  resolved "https://registry.yarnpkg.com/regenerator-runtime/-/regenerator-runtime-0.10.5.tgz#336c3efc1220adcedda2c9fab67b5a7955a33658"

regenerator-runtime@^0.11.0:
  version "0.11.1"
  resolved "https://registry.yarnpkg.com/regenerator-runtime/-/regenerator-runtime-0.11.1.tgz#be05ad7f9bf7d22e056f9726cee5017fbf19e2e9"

req-then@0.5.1:
  version "0.5.1"
  resolved "https://registry.yarnpkg.com/req-then/-/req-then-0.5.1.tgz#31c6e0b56f4ddd2acd6de0ba1bcea77b6079dfdf"
  dependencies:
    array-back "^1.0.3"
    defer-promise "^1.0.0"
    feature-detect-es6 "^1.3.1"
    lodash.pick "^4.4.0"
    typical "^2.6.0"

requizzle@~0.2.1:
  version "0.2.1"
  resolved "https://registry.yarnpkg.com/requizzle/-/requizzle-0.2.1.tgz#6943c3530c4d9a7e46f1cddd51c158fc670cdbde"
  dependencies:
    underscore "~1.6.0"

safe-buffer@~5.1.0, safe-buffer@~5.1.1:
  version "5.1.1"
  resolved "https://registry.yarnpkg.com/safe-buffer/-/safe-buffer-5.1.1.tgz#893312af69b2123def71f57889001671eeb2c853"

setprototypeof@1.0.3:
  version "1.0.3"
  resolved "https://registry.yarnpkg.com/setprototypeof/-/setprototypeof-1.0.3.tgz#66567e37043eeb4f04d91bd658c0cbefb55b8e04"

should-equal@0.3.1:
  version "0.3.1"
  resolved "http://registry.npmjs.org/should-equal/-/should-equal-0.3.1.tgz#bd8ea97a6748e39fad476a3be6fd72ebc2e72bf0"
  dependencies:
    should-type "0.0.4"

should-format@0.0.7:
  version "0.0.7"
  resolved "https://registry.yarnpkg.com/should-format/-/should-format-0.0.7.tgz#1e2ef86bd91da9c2e0412335b56ababd9a2fde12"
  dependencies:
    should-type "0.0.4"

should-type@0.0.4:
  version "0.0.4"
  resolved "https://registry.yarnpkg.com/should-type/-/should-type-0.0.4.tgz#0132a05417a6126866426acf116f1ed5623a5cd0"

should@^6.0.3:
  version "6.0.3"
  resolved "https://registry.yarnpkg.com/should/-/should-6.0.3.tgz#daee30786a557662fbc774c008d7c58791edb1d9"
  dependencies:
    should-equal "0.3.1"
    should-format "0.0.7"
    should-type "0.0.4"

sigmund@~1.0.0:
  version "1.0.1"
  resolved "https://registry.yarnpkg.com/sigmund/-/sigmund-1.0.1.tgz#3ff21f198cad2175f9f3b781853fd94d0d19b590"

sort-array@^1.0.0:
  version "1.1.2"
  resolved "https://registry.yarnpkg.com/sort-array/-/sort-array-1.1.2.tgz#b88986053c0170a7f9de63f18a49ec79c24c3e64"
  dependencies:
    array-back "^1.0.4"
    object-get "^2.1.0"
    typical "^2.6.0"

source-map@^0.1.40, source-map@~0.1.7:
  version "0.1.43"
  resolved "https://registry.yarnpkg.com/source-map/-/source-map-0.1.43.tgz#c24bc146ca517c1471f5dacbe2571b2b7f9e3346"
  dependencies:
    amdefine ">=0.0.4"

"statuses@>= 1.3.1 < 2", statuses@^1.2.0:
  version "1.4.0"
  resolved "https://registry.yarnpkg.com/statuses/-/statuses-1.4.0.tgz#bb73d446da2796106efcc1b601a253d6c46bd087"

stream-connect@^1.0.1, stream-connect@^1.0.2:
  version "1.0.2"
  resolved "https://registry.yarnpkg.com/stream-connect/-/stream-connect-1.0.2.tgz#18bc81f2edb35b8b5d9a8009200a985314428a97"
  dependencies:
    array-back "^1.0.2"

stream-handlebars@~0.1.6:
  version "0.1.6"
  resolved "https://registry.yarnpkg.com/stream-handlebars/-/stream-handlebars-0.1.6.tgz#7305b5064203da171608c478acf642a149892a2f"
  dependencies:
    handlebars "^3.0.0"
    object-tools "^1.2.1"

stream-via@^1.0.3, stream-via@^1.0.4:
  version "1.0.4"
  resolved "https://registry.yarnpkg.com/stream-via/-/stream-via-1.0.4.tgz#8dccbb0ac909328eb8bc8e2a4bd3934afdaf606c"

stream-via@~0.1.0:
  version "0.1.1"
  resolved "https://registry.yarnpkg.com/stream-via/-/stream-via-0.1.1.tgz#0cee5df9c959fb1d3f4eda4819f289d5f9205afc"

string-tools@^0.1.4:
  version "0.1.8"
  resolved "https://registry.yarnpkg.com/string-tools/-/string-tools-0.1.8.tgz#70884e86a26ee5103a078bef67033d558d36e337"

string-tools@^1.0.0:
  version "1.0.0"
  resolved "https://registry.yarnpkg.com/string-tools/-/string-tools-1.0.0.tgz#c69a9d5788858997da66f1d923ba7113ea466b5a"

string_decoder@~1.0.3:
  version "1.0.3"
  resolved "https://registry.yarnpkg.com/string_decoder/-/string_decoder-1.0.3.tgz#0fc67d7c141825de94282dd536bec6b9bce860ab"
  dependencies:
    safe-buffer "~5.1.0"

strip-json-comments@~2.0.1:
  version "2.0.1"
  resolved "https://registry.yarnpkg.com/strip-json-comments/-/strip-json-comments-2.0.1.tgz#3c531942e908c2697c0ec344858c286c7ca0a60a"

superagent@^2.0.0:
  version "2.3.0"
  resolved "https://registry.yarnpkg.com/superagent/-/superagent-2.3.0.tgz#703529a0714e57e123959ddefbce193b2e50d115"
  dependencies:
    component-emitter "^1.2.0"
    cookiejar "^2.0.6"
    debug "^2.2.0"
    extend "^3.0.0"
    form-data "1.0.0-rc4"
    formidable "^1.0.17"
    methods "^1.1.1"
    mime "^1.3.4"
    qs "^6.1.0"
    readable-stream "^2.0.5"

supertest@^2.0:
  version "2.0.1"
  resolved "https://registry.yarnpkg.com/supertest/-/supertest-2.0.1.tgz#a058081d788f1515d4700d7502881e6b759e44cd"
  dependencies:
    methods "1.x"
    superagent "^2.0.0"

supports-color@1.2.0:
  version "1.2.0"
  resolved "https://registry.yarnpkg.com/supports-color/-/supports-color-1.2.0.tgz#ff1ed1e61169d06b3cf2d588e188b18d8847e17e"

table-layout@^0.3.0:
  version "0.3.0"
  resolved "https://registry.yarnpkg.com/table-layout/-/table-layout-0.3.0.tgz#6ee20dc483db371b3e5c87f704ed2f7c799d2c9a"
  dependencies:
    array-back "^1.0.3"
    core-js "^2.4.1"
    deep-extend "~0.4.1"
    feature-detect-es6 "^1.3.1"
    typical "^2.6.0"
    wordwrapjs "^2.0.0-0"

taffydb@2.6.2:
  version "2.6.2"
  resolved "https://registry.yarnpkg.com/taffydb/-/taffydb-2.6.2.tgz#7cbcb64b5a141b6a2efc2c5d2c67b4e150b2a268"

temp-path@^1.0.0:
  version "1.0.0"
  resolved "https://registry.yarnpkg.com/temp-path/-/temp-path-1.0.0.tgz#24b1543973ab442896d9ad367dd9cbdbfafe918b"

test-value@^1.0.1, test-value@^1.1.0:
  version "1.1.0"
  resolved "https://registry.yarnpkg.com/test-value/-/test-value-1.1.0.tgz#a09136f72ec043d27c893707c2b159bfad7de93f"
  dependencies:
    array-back "^1.0.2"
    typical "^2.4.2"

test-value@^2.0.0, test-value@^2.1.0:
  version "2.1.0"
  resolved "https://registry.yarnpkg.com/test-value/-/test-value-2.1.0.tgz#11da6ff670f3471a73b625ca4f3fdcf7bb748291"
  dependencies:
    array-back "^1.0.3"
    typical "^2.6.0"

then-fs@^2.0.0:
  version "2.0.0"
  resolved "https://registry.yarnpkg.com/then-fs/-/then-fs-2.0.0.tgz#72f792dd9d31705a91ae19ebfcf8b3f968c81da2"
  dependencies:
    promise ">=3.2 <8"

to-iso-string@0.0.2:
  version "0.0.2"
  resolved "https://registry.yarnpkg.com/to-iso-string/-/to-iso-string-0.0.2.tgz#4dc19e664dfccbe25bd8db508b00c6da158255d1"

type-is@^1.5.5:
  version "1.6.16"
  resolved "https://registry.yarnpkg.com/type-is/-/type-is-1.6.16.tgz#f89ce341541c672b25ee7ae3c73dee3b2be50194"
  dependencies:
    media-typer "0.3.0"
    mime-types "~2.1.18"

typical@^2.1, typical@^2.2, typical@^2.3.0, typical@^2.4.2, typical@^2.5.0, typical@^2.6.0, typical@^2.6.1:
  version "2.6.1"
  resolved "https://registry.yarnpkg.com/typical/-/typical-2.6.1.tgz#5c080e5d661cbbe38259d2e70a3c7253e873881d"

uglify-js@~2.3:
  version "2.3.6"
  resolved "https://registry.yarnpkg.com/uglify-js/-/uglify-js-2.3.6.tgz#fa0984770b428b7a9b2a8058f46355d14fef211a"
  dependencies:
    async "~0.2.6"
    optimist "~0.3.5"
    source-map "~0.1.7"

underscore-contrib@~0.3.0:
  version "0.3.0"
  resolved "https://registry.yarnpkg.com/underscore-contrib/-/underscore-contrib-0.3.0.tgz#665b66c24783f8fa2b18c9f8cbb0e2c7d48c26c7"
  dependencies:
    underscore "1.6.0"

underscore@1.6.0, underscore@~1.6.0:
  version "1.6.0"
  resolved "https://registry.yarnpkg.com/underscore/-/underscore-1.6.0.tgz#8b38b10cacdef63337b8b24e4ff86d45aea529a8"

underscore@~1.8.3:
  version "1.8.3"
  resolved "https://registry.yarnpkg.com/underscore/-/underscore-1.8.3.tgz#4f3fb53b106e6097fcf9cb4109f2a5e9bdfa5022"

urijs@^1.19.0:
  version "1.19.1"
  resolved "https://registry.yarnpkg.com/urijs/-/urijs-1.19.1.tgz#5b0ff530c0cbde8386f6342235ba5ca6e995d25a"

usage-stats@^0.8.2:
  version "0.8.6"
  resolved "https://registry.yarnpkg.com/usage-stats/-/usage-stats-0.8.6.tgz#ec92559f648845c2021cbf5b4adea17af7513830"
  dependencies:
    array-back "^1.0.4"
    cli-commands "0.1.0"
    core-js "^2.4.1"
    feature-detect-es6 "^1.3.1"
    home-path "^1.0.5"
    mkdirp2 "^1.0.3"
    req-then "0.5.1"
    typical "^2.6.1"
    uuid "^3.0.1"

util-deprecate@~1.0.1:
  version "1.0.2"
  resolved "https://registry.yarnpkg.com/util-deprecate/-/util-deprecate-1.0.2.tgz#450d4dc9fa70de732762fbd2d4a28981419a0ccf"

uuid@^3.0.1:
  version "3.2.1"
  resolved "https://registry.yarnpkg.com/uuid/-/uuid-3.2.1.tgz#12c528bb9d58d0b9265d9a2f6f0fe8be17ff1f14"

vary@^1.0.0:
  version "1.1.2"
  resolved "https://registry.yarnpkg.com/vary/-/vary-1.1.2.tgz#2299f02c6ded30d4a5961b0b9f74524a18f634fc"

walk-back@^2.0.1:
  version "2.0.1"
  resolved "https://registry.yarnpkg.com/walk-back/-/walk-back-2.0.1.tgz#554e2a9d874fac47a8cb006bf44c2f0c4998a0a4"

wordwrap@~0.0.2:
  version "0.0.3"
  resolved "https://registry.yarnpkg.com/wordwrap/-/wordwrap-0.0.3.tgz#a3d5da6cd5c0bc0008d37234bbaf1bed63059107"

wordwrapjs@^1.2.0:
  version "1.2.1"
  resolved "https://registry.yarnpkg.com/wordwrapjs/-/wordwrapjs-1.2.1.tgz#754a5ea0664cfbff50540dc32d67bda3289fc34b"
  dependencies:
    array-back "^1.0.3"
    typical "^2.5.0"

wordwrapjs@^2.0.0-0:
  version "2.0.0"
  resolved "https://registry.yarnpkg.com/wordwrapjs/-/wordwrapjs-2.0.0.tgz#ab55f695e6118da93858fdd70c053d1c5e01ac20"
  dependencies:
    array-back "^1.0.3"
    feature-detect-es6 "^1.3.1"
    reduce-flatten "^1.0.1"
    typical "^2.6.0"

wrappy@1:
  version "1.0.2"
  resolved "https://registry.yarnpkg.com/wrappy/-/wrappy-1.0.2.tgz#b5243d8f3ec1aa35f1364605bc0d1036e30ab69f"
